
Microsoft Visual Studio Solution File, Format Version 12.00
# Visual Studio Version 16
VisualStudioVersion = 16.0.30717.126
MinimumVisualStudioVersion = 10.0.40219.1
Project("{FAE04EC0-301F-11D3-BF4B-00C04F79EFBC}") = "TicketsAPI", "TicketsAPI\TicketsAPI.csproj", "{59AF001B-C10D-4069-A13F-FA2900FCBE11}"
EndProject
Project("{9A19103F-16F7-4668-BE54-9A1E7A4F7556}") = "DataAccess", "..\DataAccess\DataAccess.csproj", "{A3BFEFAB-4044-4FD2-BF34-90E1B62B53EE}"
EndProject
Project("{9A19103F-16F7-4668-BE54-9A1E7A4F7556}") = "Services", "..\Services\Services.csproj", "{EE3194A1-602A-404A-BFE8-2657A64CC3E3}"
EndProject
Global
	GlobalSection(SolutionConfigurationPlatforms) = preSolution
		Debug|Any CPU = Debug|Any CPU
		Release|Any CPU = Release|Any CPU
	EndGlobalSection
	GlobalSection(ProjectConfigurationPlatforms) = postSolution
		{59AF001B-C10D-4069-A13F-FA2900FCBE11}.Debug|Any CPU.ActiveCfg = Debug|Any CPU
		{59AF001B-C10D-4069-A13F-FA2900FCBE11}.Debug|Any CPU.Build.0 = Debug|Any CPU
		{59AF001B-C10D-4069-A13F-FA2900FCBE11}.Release|Any CPU.ActiveCfg = Release|Any CPU
		{59AF001B-C10D-4069-A13F-FA2900FCBE11}.Release|Any CPU.Build.0 = Release|Any CPU
		{A3BFEFAB-4044-4FD2-BF34-90E1B62B53EE}.Debug|Any CPU.ActiveCfg = Debug|Any CPU
		{A3BFEFAB-4044-4FD2-BF34-90E1B62B53EE}.Debug|Any CPU.Build.0 = Debug|Any CPU
		{A3BFEFAB-4044-4FD2-BF34-90E1B62B53EE}.Release|Any CPU.ActiveCfg = Release|Any CPU
		{A3BFEFAB-4044-4FD2-BF34-90E1B62B53EE}.Release|Any CPU.Build.0 = Release|Any CPU
		{EE3194A1-602A-404A-BFE8-2657A64CC3E3}.Debug|Any CPU.ActiveCfg = Debug|Any CPU
		{EE3194A1-602A-404A-BFE8-2657A64CC3E3}.Debug|Any CPU.Build.0 = Debug|Any CPU
		{EE3194A1-602A-404A-BFE8-2657A64CC3E3}.Release|Any CPU.ActiveCfg = Release|Any CPU
		{EE3194A1-602A-404A-BFE8-2657A64CC3E3}.Release|Any CPU.Build.0 = Release|Any CPU
	EndGlobalSection
	GlobalSection(SolutionProperties) = preSolution
		HideSolutionNode = FALSE
	EndGlobalSection
	GlobalSection(ExtensibilityGlobals) = postSolution
		SolutionGuid = {7476B433-82C6-40EC-A517-33B8C28623C2}
	EndGlobalSection
EndGlobal
